{
  "nodes": {
    "nixpkgs": {
      "locked": {
        "lastModified": 1790323409,
        "narHash": "sha256-VVTPf+Hyd5ebpjBMHmrLMSBIeW6ls48Bqtosj7CNKLA=",
        "rev": "e94cb152ed51bd6e24eb4a41f1460252beb52cd2",
        "revCount": 1079315,
        "type": "tarball",
        "url": "https://api.flakehub.com/f/pinned/NixOS/nixpkgs/0.1.1079315%2Brev-e94cb152ed51bd6e24eb4a41f1460252beb52cd2/01a0db88-13b9-7f91-a70b-fc5e12a3a981/source.tar.gz"
      },
      "original": {
        "type": "tarball",
        "url": "https://flakehub.com/f/NixOS/nixpkgs/0.1.%2A"
      }
    },
    "root": {
      "inputs": {
        "nixpkgs": "nixpkgs"
      }
    }
  },
  "root": "root",
  "version": 7
}
